
Microsoft Visual Studio Solution File, Format Version 12.00
# Visual Studio Version 17
VisualStudioVersion = 17.4.33122.133
MinimumVisualStudioVersion = 10.0.40219.1
Project("{888888A0-9F3D-457C-B088-3A5042F75D52}") = "Calculadora", "Calculadora.pyproj", "{28E3121B-C277-4F1E-B9BB-B27C9CB98888}"
EndProject
Global
	GlobalSection(SolutionConfigurationPlatforms) = preSolution
		Debug|Any CPU = Debug|Any CPU
		Release|Any CPU = Release|Any CPU
	EndGlobalSection
	GlobalSection(ProjectConfigurationPlatforms) = postSolution
		{28E3121B-C277-4F1E-B9BB-B27C9CB98888}.Debug|Any CPU.ActiveCfg = Debug|Any CPU
		{28E3121B-C277-4F1E-B9BB-B27C9CB98888}.Release|Any CPU.ActiveCfg = Release|Any CPU
	EndGlobalSection
	GlobalSection(SolutionProperties) = preSolution
		HideSolutionNode = FALSE
	EndGlobalSection
	GlobalSection(ExtensibilityGlobals) = postSolution
		SolutionGuid = {AA234924-B0C7-4A64-A4F9-22385B9CF068}
	EndGlobalSection
EndGlobal
